<?xml version="1.0" encoding="utf-8"?>
<Project ToolsVersion="16.0" xmlns="http://schemas.microsoft.com/developer/msbuild/2003">
  <ItemGroup>
    <ClCompile Include="$(SolutionDir)\..\src\core\lib\gpr\alloc.cc" />
    <ClCompile Include="$(SolutionDir)\..\src\core\lib\gpr\atm.cc" />
    <ClCompile Include="$(SolutionDir)\..\src\core\lib\gpr\cpu_iphone.cc" />
    <ClCompile Include="$(SolutionDir)\..\src\core\lib\gpr\cpu_linux.cc" />
    <ClCompile Include="$(SolutionDir)\..\src\core\lib\gpr\cpu_posix.cc" />
    <ClCompile Include="$(SolutionDir)\..\src\core\lib\gpr\cpu_windows.cc" />
    <ClCompile Include="$(SolutionDir)\..\src\core\lib\gpr\env_linux.cc" />
    <ClCompile Include="$(SolutionDir)\..\src\core\lib\gpr\env_posix.cc" />
    <ClCompile Include="$(SolutionDir)\..\src\core\lib\gpr\env_windows.cc" />
    <ClCompile Include="$(SolutionDir)\..\src\core\lib\gpr\log.cc" />
    <ClCompile Include="$(SolutionDir)\..\src\core\lib\gpr\log_android.cc" />
    <ClCompile Include="$(SolutionDir)\..\src\core\lib\gpr\log_linux.cc" />
    <ClCompile Include="$(SolutionDir)\..\src\core\lib\gpr\log_posix.cc" />
    <ClCompile Include="$(SolutionDir)\..\src\core\lib\gpr\log_windows.cc" />
    <ClCompile Include="$(SolutionDir)\..\src\core\lib\gpr\mpscq.cc" />
    <ClCompile Include="$(SolutionDir)\..\src\core\lib\gpr\murmur_hash.cc" />
    <ClCompile Include="$(SolutionDir)\..\src\core\lib\gpr\string.cc" />
    <ClCompile Include="$(SolutionDir)\..\src\core\lib\gpr\string_posix.cc" />
    <ClCompile Include="$(SolutionDir)\..\src\core\lib\gpr\string_util_windows.cc" />
    <ClCompile Include="$(SolutionDir)\..\src\core\lib\gpr\string_windows.cc" />
    <ClCompile Include="$(SolutionDir)\..\src\core\lib\gpr\sync.cc" />
    <ClCompile Include="$(SolutionDir)\..\src\core\lib\gpr\sync_posix.cc" />
    <ClCompile Include="$(SolutionDir)\..\src\core\lib\gpr\sync_windows.cc" />
    <ClCompile Include="$(SolutionDir)\..\src\core\lib\gpr\time.cc" />
    <ClCompile Include="$(SolutionDir)\..\src\core\lib\gpr\time_posix.cc" />
    <ClCompile Include="$(SolutionDir)\..\src\core\lib\gpr\time_precise.cc" />
    <ClCompile Include="$(SolutionDir)\..\src\core\lib\gpr\time_windows.cc" />
    <ClCompile Include="$(SolutionDir)\..\src\core\lib\gpr\tls_pthread.cc" />
    <ClCompile Include="$(SolutionDir)\..\src\core\lib\gpr\tmpfile_msys.cc" />
    <ClCompile Include="$(SolutionDir)\..\src\core\lib\gpr\tmpfile_posix.cc" />
    <ClCompile Include="$(SolutionDir)\..\src\core\lib\gpr\tmpfile_windows.cc" />
    <ClCompile Include="$(SolutionDir)\..\src\core\lib\gpr\wrap_memcpy.cc" />
    <ClCompile Include="$(SolutionDir)\..\src\core\lib\gprpp\arena.cc" />
    <ClCompile Include="$(SolutionDir)\..\src\core\lib\gprpp\fork.cc" />
    <ClCompile Include="$(SolutionDir)\..\src\core\lib\gprpp\global_config_env.cc" />
    <ClCompile Include="$(SolutionDir)\..\src\core\lib\gprpp\host_port.cc" />
    <ClCompile Include="$(SolutionDir)\..\src\core\lib\gprpp\thd_posix.cc" />
    <ClCompile Include="$(SolutionDir)\..\src\core\lib\gprpp\thd_windows.cc" />
    <ClCompile Include="$(SolutionDir)\..\src\core\lib\profiling\basic_timers.cc" />
    <ClCompile Include="$(SolutionDir)\..\src\core\lib\profiling\stap_timers.cc" />
  </ItemGroup>
  <ItemGroup>
    <CustomBuild Include="$(SolutionDir)\..\CMakeLists.txt" />
  </ItemGroup>
  <ItemGroup>
    <Filter Include="Source Files">
      <UniqueIdentifier>{CD21E010-41C5-3974-96F9-0A777EDB1A56}</UniqueIdentifier>
    </Filter>
  </ItemGroup>
</Project>